
Microsoft Visual Studio Solution File, Format Version 12.00
# Visual Studio Version 17
VisualStudioVersion = 17.11.35327.3
MinimumVisualStudioVersion = 10.0.40219.1
Project("{9A19103F-16F7-4668-BE54-9A1E7A4F7556}") = "mars-rover", "mars-rover\mars-rover.csproj", "{740AD39F-B45F-4CBB-AC37-7E327C85D078}"
EndProject
Project("{FAE04EC0-301F-11D3-BF4B-00C04F79EFBC}") = "mars-rover.Tests", "mars-rover.Tests\mars-rover.Tests.csproj", "{3D4D89A0-7515-4419-90E5-F011E79A8D27}"
EndProject
Global
	GlobalSection(SolutionConfigurationPlatforms) = preSolution
		Debug|Any CPU = Debug|Any CPU
		Release|Any CPU = Release|Any CPU
	EndGlobalSection
	GlobalSection(ProjectConfigurationPlatforms) = postSolution
		{740AD39F-B45F-4CBB-AC37-7E327C85D078}.Debug|Any CPU.ActiveCfg = Debug|Any CPU
		{740AD39F-B45F-4CBB-AC37-7E327C85D078}.Debug|Any CPU.Build.0 = Debug|Any CPU
		{740AD39F-B45F-4CBB-AC37-7E327C85D078}.Release|Any CPU.ActiveCfg = Release|Any CPU
		{740AD39F-B45F-4CBB-AC37-7E327C85D078}.Release|Any CPU.Build.0 = Release|Any CPU
		{3D4D89A0-7515-4419-90E5-F011E79A8D27}.Debug|Any CPU.ActiveCfg = Debug|Any CPU
		{3D4D89A0-7515-4419-90E5-F011E79A8D27}.Debug|Any CPU.Build.0 = Debug|Any CPU
		{3D4D89A0-7515-4419-90E5-F011E79A8D27}.Release|Any CPU.ActiveCfg = Release|Any CPU
		{3D4D89A0-7515-4419-90E5-F011E79A8D27}.Release|Any CPU.Build.0 = Release|Any CPU
	EndGlobalSection
	GlobalSection(SolutionProperties) = preSolution
		HideSolutionNode = FALSE
	EndGlobalSection
	GlobalSection(ExtensibilityGlobals) = postSolution
		SolutionGuid = {8A6727A9-DB1F-4476-8927-2430915853C3}
	EndGlobalSection
EndGlobal
